PODS:
  - BigInt (3.1.0):
    - SipHash (~> 1.2)
  - keccak.c (0.1.3)
  - PromiseKit (6.13.1):
    - PromiseKit/CorePromise (= 6.13.1)
    - PromiseKit/Foundation (= 6.13.1)
    - PromiseKit/UIKit (= 6.13.1)
  - PromiseKit/CorePromise (6.13.1)
  - PromiseKit/Foundation (6.13.1):
    - PromiseKit/CorePromise
  - PromiseKit/UIKit (6.13.1):
    - PromiseKit/CorePromise
  - scrypt.c (0.1.1)
  - secp256k1.c (0.1.2)
  - SipHash (1.2.2)
  - web3swift (2.1.10):
    - BigInt (~> 3.1)
    - keccak.c (~> 0.1)
    - PromiseKit (~> 6.4)
    - scrypt.c (~> 0.1)
    - secp256k1.c (~> 0.1)

DEPENDENCIES:
  - web3swift (from `https://github.com/BANKEX/web3swift.git`)

SPEC REPOS:
  trunk:
    - BigInt
    - keccak.c
    - PromiseKit
    - scrypt.c
    - secp256k1.c
    - SipHash

EXTERNAL SOURCES:
  web3swift:
    :git: https://github.com/BANKEX/web3swift.git

CHECKOUT OPTIONS:
  web3swift:
    :commit: 2a3cffff922013e3e3205dee6e82aa976ecc047e
    :git: https://github.com/BANKEX/web3swift.git

SPEC CHECKSUMS:
  BigInt: 76b5dfdfa3e2e478d4ffdf161aeede5502e2742f
  keccak.c: 859583afdaccb4e4fcc0f0096064d101580313f4
  PromiseKit: 28fda91c973cc377875d8c0ea4f973013c05b6db
  scrypt.c: b42ae06183251329d2b2c620c226fb541a4a3592
  secp256k1.c: db47b726585d80f027423682eb369729e61b3b20
  SipHash: fad90a4683e420c52ef28063063dbbce248ea6d4
  web3swift: 2ab62132eb013b29e949f97c201a8fcf6c9e1fef

PODFILE CHECKSUM: 5df9dfdd8f247d365fb86b933e67f7876a125e0a

COCOAPODS: 1.8.4
