// !$*UTF8*$!
{
	archiveVersion = 1;
	classes = {
	};
	objectVersion = 51;
	objects = {

/* Begin PBXBuildFile section */
		1D3EC663240221FC00D6826C /* Setup.storyboard in Resources */ = {isa = PBXBuildFile; fileRef = 1D3EC662240221FC00D6826C /* Setup.storyboard */; };
		1D3EC6662402293D00D6826C /* SetupAccountViewController.swift in Sources */ = {isa = PBXBuildFile; fileRef = 1D3EC6652402293D00D6826C /* SetupAccountViewController.swift */; };
		1D3EC6682402296F00D6826C /* SetupAccountProtocol.swift in Sources */ = {isa = PBXBuildFile; fileRef = 1D3EC6672402296F00D6826C /* SetupAccountProtocol.swift */; };
		1D3EC66A240229F300D6826C /* SetupAccountPresenter.swift in Sources */ = {isa = PBXBuildFile; fileRef = 1D3EC669240229F300D6826C /* SetupAccountPresenter.swift */; };
		1D3EC66C24022A5100D6826C /* SetupAccountInteractor.swift in Sources */ = {isa = PBXBuildFile; fileRef = 1D3EC66B24022A5100D6826C /* SetupAccountInteractor.swift */; };
		1D3EC66E24022A6F00D6826C /* SetupAccountWireframe.swift in Sources */ = {isa = PBXBuildFile; fileRef = 1D3EC66D24022A6F00D6826C /* SetupAccountWireframe.swift */; };
		1D3EC6702402384E00D6826C /* StoryboardUtil.swift in Sources */ = {isa = PBXBuildFile; fileRef = 1D3EC66F2402384E00D6826C /* StoryboardUtil.swift */; };
		1D3EC67424023FB500D6826C /* UITextFieldExtension.swift in Sources */ = {isa = PBXBuildFile; fileRef = 1D3EC67324023FB500D6826C /* UITextFieldExtension.swift */; };
		1D3EC677240242F500D6826C /* EthereumWallet.swift in Sources */ = {isa = PBXBuildFile; fileRef = 1D3EC676240242F500D6826C /* EthereumWallet.swift */; };
		1D3EC6792402448100D6826C /* Web3SwiftManager.swift in Sources */ = {isa = PBXBuildFile; fileRef = 1D3EC6782402448100D6826C /* Web3SwiftManager.swift */; };
		1D97CACE24015FA200B77CC1 /* AppDelegate.swift in Sources */ = {isa = PBXBuildFile; fileRef = 1D97CACD24015FA200B77CC1 /* AppDelegate.swift */; };
		1D97CAD724015FAA00B77CC1 /* Assets.xcassets in Resources */ = {isa = PBXBuildFile; fileRef = 1D97CAD624015FAA00B77CC1 /* Assets.xcassets */; };
		1D97CADA24015FAA00B77CC1 /* LaunchScreen.storyboard in Resources */ = {isa = PBXBuildFile; fileRef = 1D97CAD824015FAA00B77CC1 /* LaunchScreen.storyboard */; };
		1D97CAE524015FAB00B77CC1 /* SignerTests.swift in Sources */ = {isa = PBXBuildFile; fileRef = 1D97CAE424015FAB00B77CC1 /* SignerTests.swift */; };
		1D97CAF024015FAB00B77CC1 /* SignerUITests.swift in Sources */ = {isa = PBXBuildFile; fileRef = 1D97CAEF24015FAB00B77CC1 /* SignerUITests.swift */; };
		88FE852CA84FB6B1A6275A47 /* Pods_SignerTests.framework in Frameworks */ = {isa = PBXBuildFile; fileRef = 06F36979588FF9A3F9F10705 /* Pods_SignerTests.framework */; };
		AD1F72D8C732395D7C9AB48A /* Pods_Signer_SignerUITests.framework in Frameworks */ = {isa = PBXBuildFile; fileRef = F986C952618BCC9468D1548E /* Pods_Signer_SignerUITests.framework */; };
		F97FD10E487A371C78A019D0 /* Pods_Signer.framework in Frameworks */ = {isa = PBXBuildFile; fileRef = DF7C79686F602C7B49720261 /* Pods_Signer.framework */; };
/* End PBXBuildFile section */

/* Begin PBXContainerItemProxy section */
		1D97CAE124015FAB00B77CC1 /* PBXContainerItemProxy */ = {
			isa = PBXContainerItemProxy;
			containerPortal = 1D97CAC224015FA200B77CC1 /* Project object */;
			proxyType = 1;
			remoteGlobalIDString = 1D97CAC924015FA200B77CC1;
			remoteInfo = Signer;
		};
		1D97CAEC24015FAB00B77CC1 /* PBXContainerItemProxy */ = {
			isa = PBXContainerItemProxy;
			containerPortal = 1D97CAC224015FA200B77CC1 /* Project object */;
			proxyType = 1;
			remoteGlobalIDString = 1D97CAC924015FA200B77CC1;
			remoteInfo = Signer;
		};
/* End PBXContainerItemProxy section */

/* Begin PBXFileReference section */
		06F36979588FF9A3F9F10705 /* Pods_SignerTests.framework */ = {isa = PBXFileReference; explicitFileType = wrapper.framework; includeInIndex = 0; path = Pods_SignerTests.framework; sourceTree = BUILT_PRODUCTS_DIR; };
		1D3EC662240221FC00D6826C /* Setup.storyboard */ = {isa = PBXFileReference; lastKnownFileType = file.storyboard; path = Setup.storyboard; sourceTree = "<group>"; };
		1D3EC6652402293D00D6826C /* SetupAccountViewController.swift */ = {isa = PBXFileReference; lastKnownFileType = sourcecode.swift; path = SetupAccountViewController.swift; sourceTree = "<group>"; };
		1D3EC6672402296F00D6826C /* SetupAccountProtocol.swift */ = {isa = PBXFileReference; lastKnownFileType = sourcecode.swift; path = SetupAccountProtocol.swift; sourceTree = "<group>"; };
		1D3EC669240229F300D6826C /* SetupAccountPresenter.swift */ = {isa = PBXFileReference; lastKnownFileType = sourcecode.swift; path = SetupAccountPresenter.swift; sourceTree = "<group>"; };
		1D3EC66B24022A5100D6826C /* SetupAccountInteractor.swift */ = {isa = PBXFileReference; lastKnownFileType = sourcecode.swift; path = SetupAccountInteractor.swift; sourceTree = "<group>"; };
		1D3EC66D24022A6F00D6826C /* SetupAccountWireframe.swift */ = {isa = PBXFileReference; lastKnownFileType = sourcecode.swift; path = SetupAccountWireframe.swift; sourceTree = "<group>"; };
		1D3EC66F2402384E00D6826C /* StoryboardUtil.swift */ = {isa = PBXFileReference; lastKnownFileType = sourcecode.swift; path = StoryboardUtil.swift; sourceTree = "<group>"; };
		1D3EC67324023FB500D6826C /* UITextFieldExtension.swift */ = {isa = PBXFileReference; lastKnownFileType = sourcecode.swift; path = UITextFieldExtension.swift; sourceTree = "<group>"; };
		1D3EC676240242F500D6826C /* EthereumWallet.swift */ = {isa = PBXFileReference; lastKnownFileType = sourcecode.swift; path = EthereumWallet.swift; sourceTree = "<group>"; };
		1D3EC6782402448100D6826C /* Web3SwiftManager.swift */ = {isa = PBXFileReference; lastKnownFileType = sourcecode.swift; path = Web3SwiftManager.swift; sourceTree = "<group>"; };
		1D97CACA24015FA200B77CC1 /* Signer.app */ = {isa = PBXFileReference; explicitFileType = wrapper.application; includeInIndex = 0; path = Signer.app; sourceTree = BUILT_PRODUCTS_DIR; };
		1D97CACD24015FA200B77CC1 /* AppDelegate.swift */ = {isa = PBXFileReference; lastKnownFileType = sourcecode.swift; path = AppDelegate.swift; sourceTree = "<group>"; };
		1D97CAD624015FAA00B77CC1 /* Assets.xcassets */ = {isa = PBXFileReference; lastKnownFileType = folder.assetcatalog; path = Assets.xcassets; sourceTree = "<group>"; };
		1D97CAD924015FAA00B77CC1 /* Base */ = {isa = PBXFileReference; lastKnownFileType = file.storyboard; name = Base; path = Base.lproj/LaunchScreen.storyboard; sourceTree = "<group>"; };
		1D97CADB24015FAA00B77CC1 /* Info.plist */ = {isa = PBXFileReference; lastKnownFileType = text.plist.xml; path = Info.plist; sourceTree = "<group>"; };
		1D97CAE024015FAB00B77CC1 /* SignerTests.xctest */ = {isa = PBXFileReference; explicitFileType = wrapper.cfbundle; includeInIndex = 0; path = SignerTests.xctest; sourceTree = BUILT_PRODUCTS_DIR; };
		1D97CAE424015FAB00B77CC1 /* SignerTests.swift */ = {isa = PBXFileReference; lastKnownFileType = sourcecode.swift; path = SignerTests.swift; sourceTree = "<group>"; };
		1D97CAE624015FAB00B77CC1 /* Info.plist */ = {isa = PBXFileReference; lastKnownFileType = text.plist.xml; path = Info.plist; sourceTree = "<group>"; };
		1D97CAEB24015FAB00B77CC1 /* SignerUITests.xctest */ = {isa = PBXFileReference; explicitFileType = wrapper.cfbundle; includeInIndex = 0; path = SignerUITests.xctest; sourceTree = BUILT_PRODUCTS_DIR; };
		1D97CAEF24015FAB00B77CC1 /* SignerUITests.swift */ = {isa = PBXFileReference; lastKnownFileType = sourcecode.swift; path = SignerUITests.swift; sourceTree = "<group>"; };
		1D97CAF124015FAB00B77CC1 /* Info.plist */ = {isa = PBXFileReference; lastKnownFileType = text.plist.xml; path = Info.plist; sourceTree = "<group>"; };
		39A1F99C3E620F157644DF3D /* Pods-Signer.debug.xcconfig */ = {isa = PBXFileReference; includeInIndex = 1; lastKnownFileType = text.xcconfig; name = "Pods-Signer.debug.xcconfig"; path = "Target Support Files/Pods-Signer/Pods-Signer.debug.xcconfig"; sourceTree = "<group>"; };
		4D0635C83112292B54810191 /* Pods-SignerTests.debug.xcconfig */ = {isa = PBXFileReference; includeInIndex = 1; lastKnownFileType = text.xcconfig; name = "Pods-SignerTests.debug.xcconfig"; path = "Target Support Files/Pods-SignerTests/Pods-SignerTests.debug.xcconfig"; sourceTree = "<group>"; };
		58A01B5153C5EE5349A5364F /* Pods-Signer-SignerUITests.release.xcconfig */ = {isa = PBXFileReference; includeInIndex = 1; lastKnownFileType = text.xcconfig; name = "Pods-Signer-SignerUITests.release.xcconfig"; path = "Target Support Files/Pods-Signer-SignerUITests/Pods-Signer-SignerUITests.release.xcconfig"; sourceTree = "<group>"; };
		9EE266378FA5FC54B174267F /* Pods-Signer-SignerUITests.debug.xcconfig */ = {isa = PBXFileReference; includeInIndex = 1; lastKnownFileType = text.xcconfig; name = "Pods-Signer-SignerUITests.debug.xcconfig"; path = "Target Support Files/Pods-Signer-SignerUITests/Pods-Signer-SignerUITests.debug.xcconfig"; sourceTree = "<group>"; };
		D834DA0CE182B49A57DBE86D /* Pods-Signer.release.xcconfig */ = {isa = PBXFileReference; includeInIndex = 1; lastKnownFileType = text.xcconfig; name = "Pods-Signer.release.xcconfig"; path = "Target Support Files/Pods-Signer/Pods-Signer.release.xcconfig"; sourceTree = "<group>"; };
		DF7C79686F602C7B49720261 /* Pods_Signer.framework */ = {isa = PBXFileReference; explicitFileType = wrapper.framework; includeInIndex = 0; path = Pods_Signer.framework; sourceTree = BUILT_PRODUCTS_DIR; };
		F986C952618BCC9468D1548E /* Pods_Signer_SignerUITests.framework */ = {isa = PBXFileReference; explicitFileType = wrapper.framework; includeInIndex = 0; path = Pods_Signer_SignerUITests.framework; sourceTree = BUILT_PRODUCTS_DIR; };
		FAD1603BC347793C727D99A9 /* Pods-SignerTests.release.xcconfig */ = {isa = PBXFileReference; includeInIndex = 1; lastKnownFileType = text.xcconfig; name = "Pods-SignerTests.release.xcconfig"; path = "Target Support Files/Pods-SignerTests/Pods-SignerTests.release.xcconfig"; sourceTree = "<group>"; };
/* End PBXFileReference section */

/* Begin PBXFrameworksBuildPhase section */
		1D97CAC724015FA200B77CC1 /* Frameworks */ = {
			isa = PBXFrameworksBuildPhase;
			buildActionMask = 2147483647;
			files = (
				F97FD10E487A371C78A019D0 /* Pods_Signer.framework in Frameworks */,
			);
			runOnlyForDeploymentPostprocessing = 0;
		};
		1D97CADD24015FAB00B77CC1 /* Frameworks */ = {
			isa = PBXFrameworksBuildPhase;
			buildActionMask = 2147483647;
			files = (
				88FE852CA84FB6B1A6275A47 /* Pods_SignerTests.framework in Frameworks */,
			);
			runOnlyForDeploymentPostprocessing = 0;
		};
		1D97CAE824015FAB00B77CC1 /* Frameworks */ = {
			isa = PBXFrameworksBuildPhase;
			buildActionMask = 2147483647;
			files = (
				AD1F72D8C732395D7C9AB48A /* Pods_Signer_SignerUITests.framework in Frameworks */,
			);
			runOnlyForDeploymentPostprocessing = 0;
		};
/* End PBXFrameworksBuildPhase section */

/* Begin PBXGroup section */
		1D3EC664240228CF00D6826C /* Views */ = {
			isa = PBXGroup;
			children = (
				1D3EC662240221FC00D6826C /* Setup.storyboard */,
			);
			path = Views;
			sourceTree = "<group>";
		};
		1D3EC6712402385900D6826C /* Utils */ = {
			isa = PBXGroup;
			children = (
				1D3EC66F2402384E00D6826C /* StoryboardUtil.swift */,
				1D3EC6782402448100D6826C /* Web3SwiftManager.swift */,
			);
			path = Utils;
			sourceTree = "<group>";
		};
		1D3EC67224023F8900D6826C /* Extensions */ = {
			isa = PBXGroup;
			children = (
				1D3EC67324023FB500D6826C /* UITextFieldExtension.swift */,
			);
			path = Extensions;
			sourceTree = "<group>";
		};
		1D3EC675240242D300D6826C /* Models */ = {
			isa = PBXGroup;
			children = (
				1D3EC676240242F500D6826C /* EthereumWallet.swift */,
			);
			path = Models;
			sourceTree = "<group>";
		};
		1D97CAC124015FA200B77CC1 = {
			isa = PBXGroup;
			children = (
				1D97CACC24015FA200B77CC1 /* Signer */,
				1D97CAE324015FAB00B77CC1 /* SignerTests */,
				1D97CAEE24015FAB00B77CC1 /* SignerUITests */,
				1D97CACB24015FA200B77CC1 /* Products */,
				D70D8EA15C0B88B67978C4A9 /* Pods */,
				2DD6891894F58642CD155BD9 /* Frameworks */,
			);
			sourceTree = "<group>";
		};
		1D97CACB24015FA200B77CC1 /* Products */ = {
			isa = PBXGroup;
			children = (
				1D97CACA24015FA200B77CC1 /* Signer.app */,
				1D97CAE024015FAB00B77CC1 /* SignerTests.xctest */,
				1D97CAEB24015FAB00B77CC1 /* SignerUITests.xctest */,
			);
			name = Products;
			sourceTree = "<group>";
		};
		1D97CACC24015FA200B77CC1 /* Signer */ = {
			isa = PBXGroup;
			children = (
				1D97CADB24015FAA00B77CC1 /* Info.plist */,
				1D97CAFD2401845900B77CC1 /* Application */,
				1D97CAFE240184DC00B77CC1 /* Setup */,
				1D3EC67224023F8900D6826C /* Extensions */,
				1D3EC675240242D300D6826C /* Models */,
				1D3EC6712402385900D6826C /* Utils */,
			);
			path = Signer;
			sourceTree = "<group>";
		};
		1D97CAE324015FAB00B77CC1 /* SignerTests */ = {
			isa = PBXGroup;
			children = (
				1D97CAE424015FAB00B77CC1 /* SignerTests.swift */,
				1D97CAE624015FAB00B77CC1 /* Info.plist */,
			);
			path = SignerTests;
			sourceTree = "<group>";
		};
		1D97CAEE24015FAB00B77CC1 /* SignerUITests */ = {
			isa = PBXGroup;
			children = (
				1D97CAEF24015FAB00B77CC1 /* SignerUITests.swift */,
				1D97CAF124015FAB00B77CC1 /* Info.plist */,
			);
			path = SignerUITests;
			sourceTree = "<group>";
		};
		1D97CAFD2401845900B77CC1 /* Application */ = {
			isa = PBXGroup;
			children = (
				1D97CAD824015FAA00B77CC1 /* LaunchScreen.storyboard */,
				1D97CAD624015FAA00B77CC1 /* Assets.xcassets */,
				1D97CACD24015FA200B77CC1 /* AppDelegate.swift */,
			);
			path = Application;
			sourceTree = "<group>";
		};
		1D97CAFE240184DC00B77CC1 /* Setup */ = {
			isa = PBXGroup;
			children = (
				1D3EC664240228CF00D6826C /* Views */,
				1D3EC6652402293D00D6826C /* SetupAccountViewController.swift */,
				1D3EC6672402296F00D6826C /* SetupAccountProtocol.swift */,
				1D3EC669240229F300D6826C /* SetupAccountPresenter.swift */,
				1D3EC66B24022A5100D6826C /* SetupAccountInteractor.swift */,
				1D3EC66D24022A6F00D6826C /* SetupAccountWireframe.swift */,
			);
			path = Setup;
			sourceTree = "<group>";
		};
		2DD6891894F58642CD155BD9 /* Frameworks */ = {
			isa = PBXGroup;
			children = (
				DF7C79686F602C7B49720261 /* Pods_Signer.framework */,
				F986C952618BCC9468D1548E /* Pods_Signer_SignerUITests.framework */,
				06F36979588FF9A3F9F10705 /* Pods_SignerTests.framework */,
			);
			name = Frameworks;
			sourceTree = "<group>";
		};
		D70D8EA15C0B88B67978C4A9 /* Pods */ = {
			isa = PBXGroup;
			children = (
				39A1F99C3E620F157644DF3D /* Pods-Signer.debug.xcconfig */,
				D834DA0CE182B49A57DBE86D /* Pods-Signer.release.xcconfig */,
				9EE266378FA5FC54B174267F /* Pods-Signer-SignerUITests.debug.xcconfig */,
				58A01B5153C5EE5349A5364F /* Pods-Signer-SignerUITests.release.xcconfig */,
				4D0635C83112292B54810191 /* Pods-SignerTests.debug.xcconfig */,
				FAD1603BC347793C727D99A9 /* Pods-SignerTests.release.xcconfig */,
			);
			path = Pods;
			sourceTree = "<group>";
		};
/* End PBXGroup section */

/* Begin PBXNativeTarget section */
		1D97CAC924015FA200B77CC1 /* Signer */ = {
			isa = PBXNativeTarget;
			buildConfigurationList = 1D97CAF424015FAB00B77CC1 /* Build configuration list for PBXNativeTarget "Signer" */;
			buildPhases = (
				C72DDA077C766223F4146E67 /* [CP] Check Pods Manifest.lock */,
				1D97CAC624015FA200B77CC1 /* Sources */,
				1D97CAC724015FA200B77CC1 /* Frameworks */,
				1D97CAC824015FA200B77CC1 /* Resources */,
				0E0DCD45249A3428A5D6E24B /* [CP] Embed Pods Frameworks */,
			);
			buildRules = (
			);
			dependencies = (
			);
			name = Signer;
			productName = Signer;
			productReference = 1D97CACA24015FA200B77CC1 /* Signer.app */;
			productType = "com.apple.product-type.application";
		};
		1D97CADF24015FAB00B77CC1 /* SignerTests */ = {
			isa = PBXNativeTarget;
			buildConfigurationList = 1D97CAF724015FAB00B77CC1 /* Build configuration list for PBXNativeTarget "SignerTests" */;
			buildPhases = (
				A8B81D204C97B8D50085B68A /* [CP] Check Pods Manifest.lock */,
				1D97CADC24015FAB00B77CC1 /* Sources */,
				1D97CADD24015FAB00B77CC1 /* Frameworks */,
				1D97CADE24015FAB00B77CC1 /* Resources */,
			);
			buildRules = (
			);
			dependencies = (
				1D97CAE224015FAB00B77CC1 /* PBXTargetDependency */,
			);
			name = SignerTests;
			productName = SignerTests;
			productReference = 1D97CAE024015FAB00B77CC1 /* SignerTests.xctest */;
			productType = "com.apple.product-type.bundle.unit-test";
		};
		1D97CAEA24015FAB00B77CC1 /* SignerUITests */ = {
			isa = PBXNativeTarget;
			buildConfigurationList = 1D97CAFA24015FAB00B77CC1 /* Build configuration list for PBXNativeTarget "SignerUITests" */;
			buildPhases = (
				22A2AF6AC28EB001D8722403 /* [CP] Check Pods Manifest.lock */,
				1D97CAE724015FAB00B77CC1 /* Sources */,
				1D97CAE824015FAB00B77CC1 /* Frameworks */,
				1D97CAE924015FAB00B77CC1 /* Resources */,
				E1CFA5ECF43D900D26FDF308 /* [CP] Embed Pods Frameworks */,
			);
			buildRules = (
			);
			dependencies = (
				1D97CAED24015FAB00B77CC1 /* PBXTargetDependency */,
			);
			name = SignerUITests;
			productName = SignerUITests;
			productReference = 1D97CAEB24015FAB00B77CC1 /* SignerUITests.xctest */;
			productType = "com.apple.product-type.bundle.ui-testing";
		};
/* End PBXNativeTarget section */

/* Begin PBXProject section */
		1D97CAC224015FA200B77CC1 /* Project object */ = {
			isa = PBXProject;
			attributes = {
				LastSwiftUpdateCheck = 1130;
				LastUpgradeCheck = 1130;
				ORGANIZATIONNAME = Samruddhi;
				TargetAttributes = {
					1D97CAC924015FA200B77CC1 = {
						CreatedOnToolsVersion = 11.3.1;
					};
					1D97CADF24015FAB00B77CC1 = {
						CreatedOnToolsVersion = 11.3.1;
						TestTargetID = 1D97CAC924015FA200B77CC1;
					};
					1D97CAEA24015FAB00B77CC1 = {
						CreatedOnToolsVersion = 11.3.1;
						TestTargetID = 1D97CAC924015FA200B77CC1;
					};
				};
			};
			buildConfigurationList = 1D97CAC524015FA200B77CC1 /* Build configuration list for PBXProject "Signer" */;
			compatibilityVersion = "Xcode 9.3";
			developmentRegion = en;
			hasScannedForEncodings = 0;
			knownRegions = (
				en,
				Base,
			);
			mainGroup = 1D97CAC124015FA200B77CC1;
			productRefGroup = 1D97CACB24015FA200B77CC1 /* Products */;
			projectDirPath = "";
			projectRoot = "";
			targets = (
				1D97CAC924015FA200B77CC1 /* Signer */,
				1D97CADF24015FAB00B77CC1 /* SignerTests */,
				1D97CAEA24015FAB00B77CC1 /* SignerUITests */,
			);
		};
/* End PBXProject section */

/* Begin PBXResourcesBuildPhase section */
		1D97CAC824015FA200B77CC1 /* Resources */ = {
			isa = PBXResourcesBuildPhase;
			buildActionMask = 2147483647;
			files = (
				1D3EC663240221FC00D6826C /* Setup.storyboard in Resources */,
				1D97CADA24015FAA00B77CC1 /* LaunchScreen.storyboard in Resources */,
				1D97CAD724015FAA00B77CC1 /* Assets.xcassets in Resources */,
			);
			runOnlyForDeploymentPostprocessing = 0;
		};
		1D97CADE24015FAB00B77CC1 /* Resources */ = {
			isa = PBXResourcesBuildPhase;
			buildActionMask = 2147483647;
			files = (
			);
			runOnlyForDeploymentPostprocessing = 0;
		};
		1D97CAE924015FAB00B77CC1 /* Resources */ = {
			isa = PBXResourcesBuildPhase;
			buildActionMask = 2147483647;
			files = (
			);
			runOnlyForDeploymentPostprocessing = 0;
		};
/* End PBXResourcesBuildPhase section */

/* Begin PBXShellScriptBuildPhase section */
		0E0DCD45249A3428A5D6E24B /* [CP] Embed Pods Frameworks */ = {
			isa = PBXShellScriptBuildPhase;
			buildActionMask = 2147483647;
			files = (
			);
			inputFileListPaths = (
				"${PODS_ROOT}/Target Support Files/Pods-Signer/Pods-Signer-frameworks-${CONFIGURATION}-input-files.xcfilelist",
			);
			name = "[CP] Embed Pods Frameworks";
			outputFileListPaths = (
				"${PODS_ROOT}/Target Support Files/Pods-Signer/Pods-Signer-frameworks-${CONFIGURATION}-output-files.xcfilelist",
			);
			runOnlyForDeploymentPostprocessing = 0;
			shellPath = /bin/sh;
			shellScript = "\"${PODS_ROOT}/Target Support Files/Pods-Signer/Pods-Signer-frameworks.sh\"\n";
			showEnvVarsInLog = 0;
		};
		22A2AF6AC28EB001D8722403 /* [CP] Check Pods Manifest.lock */ = {
			isa = PBXShellScriptBuildPhase;
			buildActionMask = 2147483647;
			files = (
			);
			inputFileListPaths = (
			);
			inputPaths = (
				"${PODS_PODFILE_DIR_PATH}/Podfile.lock",
				"${PODS_ROOT}/Manifest.lock",
			);
			name = "[CP] Check Pods Manifest.lock";
			outputFileListPaths = (
			);
			outputPaths = (
				"$(DERIVED_FILE_DIR)/Pods-Signer-SignerUITests-checkManifestLockResult.txt",
			);
			runOnlyForDeploymentPostprocessing = 0;
			shellPath = /bin/sh;
			shellScript = "diff \"${PODS_PODFILE_DIR_PATH}/Podfile.lock\" \"${PODS_ROOT}/Manifest.lock\" > /dev/null\nif [ $? != 0 ] ; then\n    # print error to STDERR\n    echo \"error: The sandbox is not in sync with the Podfile.lock. Run 'pod install' or update your CocoaPods installation.\" >&2\n    exit 1\nfi\n# This output is used by Xcode 'outputs' to avoid re-running this script phase.\necho \"SUCCESS\" > \"${SCRIPT_OUTPUT_FILE_0}\"\n";
			showEnvVarsInLog = 0;
		};
		A8B81D204C97B8D50085B68A /* [CP] Check Pods Manifest.lock */ = {
			isa = PBXShellScriptBuildPhase;
			buildActionMask = 2147483647;
			files = (
			);
			inputFileListPaths = (
			);
			inputPaths = (
				"${PODS_PODFILE_DIR_PATH}/Podfile.lock",
				"${PODS_ROOT}/Manifest.lock",
			);
			name = "[CP] Check Pods Manifest.lock";
			outputFileListPaths = (
			);
			outputPaths = (
				"$(DERIVED_FILE_DIR)/Pods-SignerTests-checkManifestLockResult.txt",
			);
			runOnlyForDeploymentPostprocessing = 0;
			shellPath = /bin/sh;
			shellScript = "diff \"${PODS_PODFILE_DIR_PATH}/Podfile.lock\" \"${PODS_ROOT}/Manifest.lock\" > /dev/null\nif [ $? != 0 ] ; then\n    # print error to STDERR\n    echo \"error: The sandbox is not in sync with the Podfile.lock. Run 'pod install' or update your CocoaPods installation.\" >&2\n    exit 1\nfi\n# This output is used by Xcode 'outputs' to avoid re-running this script phase.\necho \"SUCCESS\" > \"${SCRIPT_OUTPUT_FILE_0}\"\n";
			showEnvVarsInLog = 0;
		};
		C72DDA077C766223F4146E67 /* [CP] Check Pods Manifest.lock */ = {
			isa = PBXShellScriptBuildPhase;
			buildActionMask = 2147483647;
			files = (
			);
			inputFileListPaths = (
			);
			inputPaths = (
				"${PODS_PODFILE_DIR_PATH}/Podfile.lock",
				"${PODS_ROOT}/Manifest.lock",
			);
			name = "[CP] Check Pods Manifest.lock";
			outputFileListPaths = (
			);
			outputPaths = (
				"$(DERIVED_FILE_DIR)/Pods-Signer-checkManifestLockResult.txt",
			);
			runOnlyForDeploymentPostprocessing = 0;
			shellPath = /bin/sh;
			shellScript = "diff \"${PODS_PODFILE_DIR_PATH}/Podfile.lock\" \"${PODS_ROOT}/Manifest.lock\" > /dev/null\nif [ $? != 0 ] ; then\n    # print error to STDERR\n    echo \"error: The sandbox is not in sync with the Podfile.lock. Run 'pod install' or update your CocoaPods installation.\" >&2\n    exit 1\nfi\n# This output is used by Xcode 'outputs' to avoid re-running this script phase.\necho \"SUCCESS\" > \"${SCRIPT_OUTPUT_FILE_0}\"\n";
			showEnvVarsInLog = 0;
		};
		E1CFA5ECF43D900D26FDF308 /* [CP] Embed Pods Frameworks */ = {
			isa = PBXShellScriptBuildPhase;
			buildActionMask = 2147483647;
			files = (
			);
			inputFileListPaths = (
				"${PODS_ROOT}/Target Support Files/Pods-Signer-SignerUITests/Pods-Signer-SignerUITests-frameworks-${CONFIGURATION}-input-files.xcfilelist",
			);
			name = "[CP] Embed Pods Frameworks";
			outputFileListPaths = (
				"${PODS_ROOT}/Target Support Files/Pods-Signer-SignerUITests/Pods-Signer-SignerUITests-frameworks-${CONFIGURATION}-output-files.xcfilelist",
			);
			runOnlyForDeploymentPostprocessing = 0;
			shellPath = /bin/sh;
			shellScript = "\"${PODS_ROOT}/Target Support Files/Pods-Signer-SignerUITests/Pods-Signer-SignerUITests-frameworks.sh\"\n";
			showEnvVarsInLog = 0;
		};
/* End PBXShellScriptBuildPhase section */

/* Begin PBXSourcesBuildPhase section */
		1D97CAC624015FA200B77CC1 /* Sources */ = {
			isa = PBXSourcesBuildPhase;
			buildActionMask = 2147483647;
			files = (
				1D3EC6792402448100D6826C /* Web3SwiftManager.swift in Sources */,
				1D3EC66A240229F300D6826C /* SetupAccountPresenter.swift in Sources */,
				1D3EC67424023FB500D6826C /* UITextFieldExtension.swift in Sources */,
				1D3EC6682402296F00D6826C /* SetupAccountProtocol.swift in Sources */,
				1D3EC6662402293D00D6826C /* SetupAccountViewController.swift in Sources */,
				1D3EC677240242F500D6826C /* EthereumWallet.swift in Sources */,
				1D97CACE24015FA200B77CC1 /* AppDelegate.swift in Sources */,
				1D3EC66E24022A6F00D6826C /* SetupAccountWireframe.swift in Sources */,
				1D3EC66C24022A5100D6826C /* SetupAccountInteractor.swift in Sources */,
				1D3EC6702402384E00D6826C /* StoryboardUtil.swift in Sources */,
			);
			runOnlyForDeploymentPostprocessing = 0;
		};
		1D97CADC24015FAB00B77CC1 /* Sources */ = {
			isa = PBXSourcesBuildPhase;
			buildActionMask = 2147483647;
			files = (
				1D97CAE524015FAB00B77CC1 /* SignerTests.swift in Sources */,
			);
			runOnlyForDeploymentPostprocessing = 0;
		};
		1D97CAE724015FAB00B77CC1 /* Sources */ = {
			isa = PBXSourcesBuildPhase;
			buildActionMask = 2147483647;
			files = (
				1D97CAF024015FAB00B77CC1 /* SignerUITests.swift in Sources */,
			);
			runOnlyForDeploymentPostprocessing = 0;
		};
/* End PBXSourcesBuildPhase section */

/* Begin PBXTargetDependency section */
		1D97CAE224015FAB00B77CC1 /* PBXTargetDependency */ = {
			isa = PBXTargetDependency;
			target = 1D97CAC924015FA200B77CC1 /* Signer */;
			targetProxy = 1D97CAE124015FAB00B77CC1 /* PBXContainerItemProxy */;
		};
		1D97CAED24015FAB00B77CC1 /* PBXTargetDependency */ = {
			isa = PBXTargetDependency;
			target = 1D97CAC924015FA200B77CC1 /* Signer */;
			targetProxy = 1D97CAEC24015FAB00B77CC1 /* PBXContainerItemProxy */;
		};
/* End PBXTargetDependency section */

/* Begin PBXVariantGroup section */
		1D97CAD824015FAA00B77CC1 /* LaunchScreen.storyboard */ = {
			isa = PBXVariantGroup;
			children = (
				1D97CAD924015FAA00B77CC1 /* Base */,
			);
			name = LaunchScreen.storyboard;
			sourceTree = "<group>";
		};
/* End PBXVariantGroup section */

/* Begin XCBuildConfiguration section */
		1D97CAF224015FAB00B77CC1 /* Debug */ = {
			isa = XCBuildConfiguration;
			buildSettings = {
				ALWAYS_SEARCH_USER_PATHS = NO;
				CLANG_ANALYZER_NONNULL = YES;
				CLANG_ANALYZER_NUMBER_OBJECT_CONVERSION = YES_AGGRESSIVE;
				CLANG_CXX_LANGUAGE_STANDARD = "gnu++14";
				CLANG_CXX_LIBRARY = "libc++";
				CLANG_ENABLE_MODULES = YES;
				CLANG_ENABLE_OBJC_ARC = YES;
				CLANG_ENABLE_OBJC_WEAK = YES;
				CLANG_WARN_BLOCK_CAPTURE_AUTORELEASING = YES;
				CLANG_WARN_BOOL_CONVERSION = YES;
				CLANG_WARN_COMMA = YES;
				CLANG_WARN_CONSTANT_CONVERSION = YES;
				CLANG_WARN_DEPRECATED_OBJC_IMPLEMENTATIONS = YES;
				CLANG_WARN_DIRECT_OBJC_ISA_USAGE = YES_ERROR;
				CLANG_WARN_DOCUMENTATION_COMMENTS = YES;
				CLANG_WARN_EMPTY_BODY = YES;
				CLANG_WARN_ENUM_CONVERSION = YES;
				CLANG_WARN_INFINITE_RECURSION = YES;
				CLANG_WARN_INT_CONVERSION = YES;
				CLANG_WARN_NON_LITERAL_NULL_CONVERSION = YES;
				CLANG_WARN_OBJC_IMPLICIT_RETAIN_SELF = YES;
				CLANG_WARN_OBJC_LITERAL_CONVERSION = YES;
				CLANG_WARN_OBJC_ROOT_CLASS = YES_ERROR;
				CLANG_WARN_RANGE_LOOP_ANALYSIS = YES;
				CLANG_WARN_STRICT_PROTOTYPES = YES;
				CLANG_WARN_SUSPICIOUS_MOVE = YES;
				CLANG_WARN_UNGUARDED_AVAILABILITY = YES_AGGRESSIVE;
				CLANG_WARN_UNREACHABLE_CODE = YES;
				CLANG_WARN__DUPLICATE_METHOD_MATCH = YES;
				COPY_PHASE_STRIP = NO;
				DEBUG_INFORMATION_FORMAT = dwarf;
				ENABLE_STRICT_OBJC_MSGSEND = YES;
				ENABLE_TESTABILITY = YES;
				GCC_C_LANGUAGE_STANDARD = gnu11;
				GCC_DYNAMIC_NO_PIC = NO;
				GCC_NO_COMMON_BLOCKS = YES;
				GCC_OPTIMIZATION_LEVEL = 0;
				GCC_PREPROCESSOR_DEFINITIONS = (
					"DEBUG=1",
					"$(inherited)",
				);
				GCC_WARN_64_TO_32_BIT_CONVERSION = YES;
				GCC_WARN_ABOUT_RETURN_TYPE = YES_ERROR;
				GCC_WARN_UNDECLARED_SELECTOR = YES;
				GCC_WARN_UNINITIALIZED_AUTOS = YES_AGGRESSIVE;
				GCC_WARN_UNUSED_FUNCTION = YES;
				GCC_WARN_UNUSED_VARIABLE = YES;
				IPHONEOS_DEPLOYMENT_TARGET = 13.2;
				MTL_ENABLE_DEBUG_INFO = INCLUDE_SOURCE;
				MTL_FAST_MATH = YES;
				ONLY_ACTIVE_ARCH = YES;
				SDKROOT = iphoneos;
				SWIFT_ACTIVE_COMPILATION_CONDITIONS = DEBUG;
				SWIFT_OPTIMIZATION_LEVEL = "-Onone";
			};
			name = Debug;
		};
		1D97CAF324015FAB00B77CC1 /* Release */ = {
			isa = XCBuildConfiguration;
			buildSettings = {
				ALWAYS_SEARCH_USER_PATHS = NO;
				CLANG_ANALYZER_NONNULL = YES;
				CLANG_ANALYZER_NUMBER_OBJECT_CONVERSION = YES_AGGRESSIVE;
				CLANG_CXX_LANGUAGE_STANDARD = "gnu++14";
				CLANG_CXX_LIBRARY = "libc++";
				CLANG_ENABLE_MODULES = YES;
				CLANG_ENABLE_OBJC_ARC = YES;
				CLANG_ENABLE_OBJC_WEAK = YES;
				CLANG_WARN_BLOCK_CAPTURE_AUTORELEASING = YES;
				CLANG_WARN_BOOL_CONVERSION = YES;
				CLANG_WARN_COMMA = YES;
				CLANG_WARN_CONSTANT_CONVERSION = YES;
				CLANG_WARN_DEPRECATED_OBJC_IMPLEMENTATIONS = YES;
				CLANG_WARN_DIRECT_OBJC_ISA_USAGE = YES_ERROR;
				CLANG_WARN_DOCUMENTATION_COMMENTS = YES;
				CLANG_WARN_EMPTY_BODY = YES;
				CLANG_WARN_ENUM_CONVERSION = YES;
				CLANG_WARN_INFINITE_RECURSION = YES;
				CLANG_WARN_INT_CONVERSION = YES;
				CLANG_WARN_NON_LITERAL_NULL_CONVERSION = YES;
				CLANG_WARN_OBJC_IMPLICIT_RETAIN_SELF = YES;
				CLANG_WARN_OBJC_LITERAL_CONVERSION = YES;
				CLANG_WARN_OBJC_ROOT_CLASS = YES_ERROR;
				CLANG_WARN_RANGE_LOOP_ANALYSIS = YES;
				CLANG_WARN_STRICT_PROTOTYPES = YES;
				CLANG_WARN_SUSPICIOUS_MOVE = YES;
				CLANG_WARN_UNGUARDED_AVAILABILITY = YES_AGGRESSIVE;
				CLANG_WARN_UNREACHABLE_CODE = YES;
				CLANG_WARN__DUPLICATE_METHOD_MATCH = YES;
				COPY_PHASE_STRIP = NO;
				DEBUG_INFORMATION_FORMAT = "dwarf-with-dsym";
				ENABLE_NS_ASSERTIONS = NO;
				ENABLE_STRICT_OBJC_MSGSEND = YES;
				GCC_C_LANGUAGE_STANDARD = gnu11;
				GCC_NO_COMMON_BLOCKS = YES;
				GCC_WARN_64_TO_32_BIT_CONVERSION = YES;
				GCC_WARN_ABOUT_RETURN_TYPE = YES_ERROR;
				GCC_WARN_UNDECLARED_SELECTOR = YES;
				GCC_WARN_UNINITIALIZED_AUTOS = YES_AGGRESSIVE;
				GCC_WARN_UNUSED_FUNCTION = YES;
				GCC_WARN_UNUSED_VARIABLE = YES;
				IPHONEOS_DEPLOYMENT_TARGET = 13.2;
				MTL_ENABLE_DEBUG_INFO = NO;
				MTL_FAST_MATH = YES;
				SDKROOT = iphoneos;
				SWIFT_COMPILATION_MODE = wholemodule;
				SWIFT_OPTIMIZATION_LEVEL = "-O";
				VALIDATE_PRODUCT = YES;
			};
			name = Release;
		};
		1D97CAF524015FAB00B77CC1 /* Debug */ = {
			isa = XCBuildConfiguration;
			baseConfigurationReference = 39A1F99C3E620F157644DF3D /* Pods-Signer.debug.xcconfig */;
			buildSettings = {
				ASSETCATALOG_COMPILER_APPICON_NAME = AppIcon;
				CODE_SIGN_STYLE = Automatic;
				DEVELOPMENT_TEAM = VUENBHJPJE;
				INFOPLIST_FILE = Signer/Info.plist;
				LD_RUNPATH_SEARCH_PATHS = (
					"$(inherited)",
					"@executable_path/Frameworks",
				);
				PRODUCT_BUNDLE_IDENTIFIER = com.samruddhi.Signer;
				PRODUCT_NAME = "$(TARGET_NAME)";
				SWIFT_VERSION = 5.0;
				TARGETED_DEVICE_FAMILY = "1,2";
			};
			name = Debug;
		};
		1D97CAF624015FAB00B77CC1 /* Release */ = {
			isa = XCBuildConfiguration;
			baseConfigurationReference = D834DA0CE182B49A57DBE86D /* Pods-Signer.release.xcconfig */;
			buildSettings = {
				ASSETCATALOG_COMPILER_APPICON_NAME = AppIcon;
				CODE_SIGN_STYLE = Automatic;
				DEVELOPMENT_TEAM = VUENBHJPJE;
				INFOPLIST_FILE = Signer/Info.plist;
				LD_RUNPATH_SEARCH_PATHS = (
					"$(inherited)",
					"@executable_path/Frameworks",
				);
				PRODUCT_BUNDLE_IDENTIFIER = com.samruddhi.Signer;
				PRODUCT_NAME = "$(TARGET_NAME)";
				SWIFT_VERSION = 5.0;
				TARGETED_DEVICE_FAMILY = "1,2";
			};
			name = Release;
		};
		1D97CAF824015FAB00B77CC1 /* Debug */ = {
			isa = XCBuildConfiguration;
			baseConfigurationReference = 4D0635C83112292B54810191 /* Pods-SignerTests.debug.xcconfig */;
			buildSettings = {
				ALWAYS_EMBED_SWIFT_STANDARD_LIBRARIES = YES;
				BUNDLE_LOADER = "$(TEST_HOST)";
				CODE_SIGN_STYLE = Automatic;
				DEVELOPMENT_TEAM = VUENBHJPJE;
				INFOPLIST_FILE = SignerTests/Info.plist;
				IPHONEOS_DEPLOYMENT_TARGET = 13.2;
				LD_RUNPATH_SEARCH_PATHS = (
					"$(inherited)",
					"@executable_path/Frameworks",
					"@loader_path/Frameworks",
				);
				PRODUCT_BUNDLE_IDENTIFIER = com.samruddhi.SignerTests;
				PRODUCT_NAME = "$(TARGET_NAME)";
				SWIFT_VERSION = 5.0;
				TARGETED_DEVICE_FAMILY = "1,2";
				TEST_HOST = "$(BUILT_PRODUCTS_DIR)/Signer.app/Signer";
			};
			name = Debug;
		};
		1D97CAF924015FAB00B77CC1 /* Release */ = {
			isa = XCBuildConfiguration;
			baseConfigurationReference = FAD1603BC347793C727D99A9 /* Pods-SignerTests.release.xcconfig */;
			buildSettings = {
				ALWAYS_EMBED_SWIFT_STANDARD_LIBRARIES = YES;
				BUNDLE_LOADER = "$(TEST_HOST)";
				CODE_SIGN_STYLE = Automatic;
				DEVELOPMENT_TEAM = VUENBHJPJE;
				INFOPLIST_FILE = SignerTests/Info.plist;
				IPHONEOS_DEPLOYMENT_TARGET = 13.2;
				LD_RUNPATH_SEARCH_PATHS = (
					"$(inherited)",
					"@executable_path/Frameworks",
					"@loader_path/Frameworks",
				);
				PRODUCT_BUNDLE_IDENTIFIER = com.samruddhi.SignerTests;
				PRODUCT_NAME = "$(TARGET_NAME)";
				SWIFT_VERSION = 5.0;
				TARGETED_DEVICE_FAMILY = "1,2";
				TEST_HOST = "$(BUILT_PRODUCTS_DIR)/Signer.app/Signer";
			};
			name = Release;
		};
		1D97CAFB24015FAB00B77CC1 /* Debug */ = {
			isa = XCBuildConfiguration;
			baseConfigurationReference = 9EE266378FA5FC54B174267F /* Pods-Signer-SignerUITests.debug.xcconfig */;
			buildSettings = {
				ALWAYS_EMBED_SWIFT_STANDARD_LIBRARIES = YES;
				CODE_SIGN_STYLE = Automatic;
				DEVELOPMENT_TEAM = VUENBHJPJE;
				INFOPLIST_FILE = SignerUITests/Info.plist;
				LD_RUNPATH_SEARCH_PATHS = (
					"$(inherited)",
					"@executable_path/Frameworks",
					"@loader_path/Frameworks",
				);
				PRODUCT_BUNDLE_IDENTIFIER = com.samruddhi.SignerUITests;
				PRODUCT_NAME = "$(TARGET_NAME)";
				SWIFT_VERSION = 5.0;
				TARGETED_DEVICE_FAMILY = "1,2";
				TEST_TARGET_NAME = Signer;
			};
			name = Debug;
		};
		1D97CAFC24015FAB00B77CC1 /* Release */ = {
			isa = XCBuildConfiguration;
			baseConfigurationReference = 58A01B5153C5EE5349A5364F /* Pods-Signer-SignerUITests.release.xcconfig */;
			buildSettings = {
				ALWAYS_EMBED_SWIFT_STANDARD_LIBRARIES = YES;
				CODE_SIGN_STYLE = Automatic;
				DEVELOPMENT_TEAM = VUENBHJPJE;
				INFOPLIST_FILE = SignerUITests/Info.plist;
				LD_RUNPATH_SEARCH_PATHS = (
					"$(inherited)",
					"@executable_path/Frameworks",
					"@loader_path/Frameworks",
				);
				PRODUCT_BUNDLE_IDENTIFIER = com.samruddhi.SignerUITests;
				PRODUCT_NAME = "$(TARGET_NAME)";
				SWIFT_VERSION = 5.0;
				TARGETED_DEVICE_FAMILY = "1,2";
				TEST_TARGET_NAME = Signer;
			};
			name = Release;
		};
/* End XCBuildConfiguration section */

/* Begin XCConfigurationList section */
		1D97CAC524015FA200B77CC1 /* Build configuration list for PBXProject "Signer" */ = {
			isa = XCConfigurationList;
			buildConfigurations = (
				1D97CAF224015FAB00B77CC1 /* Debug */,
				1D97CAF324015FAB00B77CC1 /* Release */,
			);
			defaultConfigurationIsVisible = 0;
			defaultConfigurationName = Release;
		};
		1D97CAF424015FAB00B77CC1 /* Build configuration list for PBXNativeTarget "Signer" */ = {
			isa = XCConfigurationList;
			buildConfigurations = (
				1D97CAF524015FAB00B77CC1 /* Debug */,
				1D97CAF624015FAB00B77CC1 /* Release */,
			);
			defaultConfigurationIsVisible = 0;
			defaultConfigurationName = Release;
		};
		1D97CAF724015FAB00B77CC1 /* Build configuration list for PBXNativeTarget "SignerTests" */ = {
			isa = XCConfigurationList;
			buildConfigurations = (
				1D97CAF824015FAB00B77CC1 /* Debug */,
				1D97CAF924015FAB00B77CC1 /* Release */,
			);
			defaultConfigurationIsVisible = 0;
			defaultConfigurationName = Release;
		};
		1D97CAFA24015FAB00B77CC1 /* Build configuration list for PBXNativeTarget "SignerUITests" */ = {
			isa = XCConfigurationList;
			buildConfigurations = (
				1D97CAFB24015FAB00B77CC1 /* Debug */,
				1D97CAFC24015FAB00B77CC1 /* Release */,
			);
			defaultConfigurationIsVisible = 0;
			defaultConfigurationName = Release;
		};
/* End XCConfigurationList section */
	};
	rootObject = 1D97CAC224015FA200B77CC1 /* Project object */;
}
